
Microsoft Visual Studio Solution File, Format Version 12.00
# Visual Studio 15
Project("{FAE04EC0-301F-11D3-BF4B-00C04F79EFBC}") = "Assembly-CSharp-Editor", "Assembly-CSharp-Editor.csproj", "{26B9CFF3-0F60-831C-CA36-F8F96291CCD0}"
EndProject
Project("{FAE04EC0-301F-11D3-BF4B-00C04F79EFBC}") = "Assembly-CSharp", "Assembly-CSharp.csproj", "{A4E8E7B9-4D17-7614-DB64-42EDACA263AE}"
EndProject
Global
	GlobalSection(SolutionConfigurationPlatforms) = preSolution
		Debug|Any CPU = Debug|Any CPU
		Release|Any CPU = Release|Any CPU
	EndGlobalSection
	GlobalSection(ProjectConfigurationPlatforms) = postSolution
		{26B9CFF3-0F60-831C-CA36-F8F96291CCD0}.Debug|Any CPU.ActiveCfg = Debug|Any CPU
		{26B9CFF3-0F60-831C-CA36-F8F96291CCD0}.Debug|Any CPU.Build.0 = Debug|Any CPU
		{26B9CFF3-0F60-831C-CA36-F8F96291CCD0}.Release|Any CPU.ActiveCfg = Release|Any CPU
		{26B9CFF3-0F60-831C-CA36-F8F96291CCD0}.Release|Any CPU.Build.0 = Release|Any CPU
		{A4E8E7B9-4D17-7614-DB64-42EDACA263AE}.Debug|Any CPU.ActiveCfg = Debug|Any CPU
		{A4E8E7B9-4D17-7614-DB64-42EDACA263AE}.Debug|Any CPU.Build.0 = Debug|Any CPU
		{A4E8E7B9-4D17-7614-DB64-42EDACA263AE}.Release|Any CPU.ActiveCfg = Release|Any CPU
		{A4E8E7B9-4D17-7614-DB64-42EDACA263AE}.Release|Any CPU.Build.0 = Release|Any CPU
	EndGlobalSection
	GlobalSection(SolutionProperties) = preSolution
		HideSolutionNode = FALSE
	EndGlobalSection
EndGlobal
